
Microsoft Visual Studio Solution File, Format Version 12.00
# Visual Studio Version 16
VisualStudioVersion = 16.0.30002.166
MinimumVisualStudioVersion = 10.0.40219.1
Project("{8BC9CEB8-8B4A-11D0-8D11-00A0C91BC942}") = "MLogging", "MLogging\MLogging.vcxproj", "{E6964376-C4C6-467F-B45E-E0E1D04CDB75}"
EndProject
Project("{8BC9CEB8-8B4A-11D0-8D11-00A0C91BC942}") = "UnitTests", "UnitTests\UnitTests.vcxproj", "{5AC60C12-FD4C-4EAA-AA85-88F4CF306305}"
EndProject
Global
	GlobalSection(SolutionConfigurationPlatforms) = preSolution
		Debug|x64 = Debug|x64
		Debug|x86 = Debug|x86
		Release|x64 = Release|x64
		Release|x86 = Release|x86
	EndGlobalSection
	GlobalSection(ProjectConfigurationPlatforms) = postSolution
		{E6964376-C4C6-467F-B45E-E0E1D04CDB75}.Debug|x64.ActiveCfg = Debug|x64
		{E6964376-C4C6-467F-B45E-E0E1D04CDB75}.Debug|x64.Build.0 = Debug|x64
		{E6964376-C4C6-467F-B45E-E0E1D04CDB75}.Debug|x86.ActiveCfg = Debug|Win32
		{E6964376-C4C6-467F-B45E-E0E1D04CDB75}.Debug|x86.Build.0 = Debug|Win32
		{E6964376-C4C6-467F-B45E-E0E1D04CDB75}.Release|x64.ActiveCfg = Release|x64
		{E6964376-C4C6-467F-B45E-E0E1D04CDB75}.Release|x64.Build.0 = Release|x64
		{E6964376-C4C6-467F-B45E-E0E1D04CDB75}.Release|x86.ActiveCfg = Release|Win32
		{E6964376-C4C6-467F-B45E-E0E1D04CDB75}.Release|x86.Build.0 = Release|Win32
		{5AC60C12-FD4C-4EAA-AA85-88F4CF306305}.Debug|x64.ActiveCfg = Debug|x64
		{5AC60C12-FD4C-4EAA-AA85-88F4CF306305}.Debug|x64.Build.0 = Debug|x64
		{5AC60C12-FD4C-4EAA-AA85-88F4CF306305}.Debug|x86.ActiveCfg = Debug|Win32
		{5AC60C12-FD4C-4EAA-AA85-88F4CF306305}.Debug|x86.Build.0 = Debug|Win32
		{5AC60C12-FD4C-4EAA-AA85-88F4CF306305}.Release|x64.ActiveCfg = Release|x64
		{5AC60C12-FD4C-4EAA-AA85-88F4CF306305}.Release|x64.Build.0 = Release|x64
		{5AC60C12-FD4C-4EAA-AA85-88F4CF306305}.Release|x86.ActiveCfg = Release|Win32
		{5AC60C12-FD4C-4EAA-AA85-88F4CF306305}.Release|x86.Build.0 = Release|Win32
	EndGlobalSection
	GlobalSection(SolutionProperties) = preSolution
		HideSolutionNode = FALSE
	EndGlobalSection
	GlobalSection(ExtensibilityGlobals) = postSolution
		SolutionGuid = {27B75E41-BA23-4B50-83AF-7772BAC4D35D}
	EndGlobalSection
EndGlobal
